// !$*UTF8*$!
{
	archiveVersion = 1;
	classes = {
	};
	objectVersion = 45;
	objects = {

/* Begin PBXBuildFile section */
		1D60589B0D05DD56006BFB54 /* main.m in Sources */ = {isa = PBXBuildFile; fileRef = 29B97316FDCFA39411CA2CEA /* main.m */; };
		1D60589F0D05DD5A006BFB54 /* Foundation.framework in Frameworks */ = {isa = PBXBuildFile; fileRef = 1D30AB110D05D00D00671497 /* Foundation.framework */; };
		1DF5F4E00D08C38300B7A737 /* UIKit.framework in Frameworks */ = {isa = PBXBuildFile; fileRef = 1DF5F4DF0D08C38300B7A737 /* UIKit.framework */; };
		288765080DF74369002DB57D /* CoreGraphics.framework in Frameworks */ = {isa = PBXBuildFile; fileRef = 288765070DF74369002DB57D /* CoreGraphics.framework */; };
		32160C850F3FC76900C349D0 /* CoreLocation.framework in Frameworks */ = {isa = PBXBuildFile; fileRef = 32160C840F3FC76900C349D0 /* CoreLocation.framework */; };
		321E7F7B0F421A4800E4B1C6 /* libMapView.a in Frameworks */ = {isa = PBXBuildFile; fileRef = 321E7F340F42191B00E4B1C6 /* libMapView.a */; };
		321E7F840F421AA300E4B1C6 /* QuartzCore.framework in Frameworks */ = {isa = PBXBuildFile; fileRef = 321E7F830F421AA300E4B1C6 /* QuartzCore.framework */; };
		321E7F860F421AB100E4B1C6 /* libsqlite3.dylib in Frameworks */ = {isa = PBXBuildFile; fileRef = 321E7F850F421AB100E4B1C6 /* libsqlite3.dylib */; };
		321E7FF20F42207000E4B1C6 /* marker-blue-withletter.png in Resources */ = {isa = PBXBuildFile; fileRef = 321E7FEE0F42207000E4B1C6 /* marker-blue-withletter.png */; };
		321E7FF30F42207000E4B1C6 /* marker-blue.png in Resources */ = {isa = PBXBuildFile; fileRef = 321E7FEF0F42207000E4B1C6 /* marker-blue.png */; };
		321E7FF40F42207000E4B1C6 /* marker-red-withletter.png in Resources */ = {isa = PBXBuildFile; fileRef = 321E7FF00F42207000E4B1C6 /* marker-red-withletter.png */; };
		321E7FF50F42207000E4B1C6 /* marker-red.png in Resources */ = {isa = PBXBuildFile; fileRef = 321E7FF10F42207000E4B1C6 /* marker-red.png */; };
		321E807C0F42512600E4B1C6 /* Shizzup.xcclassmodel in Resources */ = {isa = PBXBuildFile; fileRef = 321E7F0E0F42098B00E4B1C6 /* Shizzup.xcclassmodel */; };
		324BCAC00F66692900B3AE7E /* LoginController.m in Sources */ = {isa = PBXBuildFile; fileRef = 324BCAB70F66692900B3AE7E /* LoginController.m */; };
		324BCAC20F66692900B3AE7E /* NearbyViewController.m in Sources */ = {isa = PBXBuildFile; fileRef = 324BCABB0F66692900B3AE7E /* NearbyViewController.m */; };
		324BCAC30F66692900B3AE7E /* ShoutMessageController.m in Sources */ = {isa = PBXBuildFile; fileRef = 324BCABD0F66692900B3AE7E /* ShoutMessageController.m */; };
		324BCAC40F66692900B3AE7E /* ShoutPlaceController.m in Sources */ = {isa = PBXBuildFile; fileRef = 324BCABF0F66692900B3AE7E /* ShoutPlaceController.m */; };
		324BCACD0F66696200B3AE7E /* ListeningDataSource.m in Sources */ = {isa = PBXBuildFile; fileRef = 324BCAC60F66696200B3AE7E /* ListeningDataSource.m */; };
		324BCACE0F66696200B3AE7E /* NearbyDataSource.m in Sources */ = {isa = PBXBuildFile; fileRef = 324BCAC80F66696200B3AE7E /* NearbyDataSource.m */; };
		324BCACF0F66696200B3AE7E /* PlacesDataSource.m in Sources */ = {isa = PBXBuildFile; fileRef = 324BCACA0F66696200B3AE7E /* PlacesDataSource.m */; };
		324BCAD00F66696200B3AE7E /* ShizzupAppDelegate.m in Sources */ = {isa = PBXBuildFile; fileRef = 324BCACC0F66696200B3AE7E /* ShizzupAppDelegate.m */; };
		324BCAD30F6669A100B3AE7E /* ListeningViewController.m in Sources */ = {isa = PBXBuildFile; fileRef = 324BCAD20F6669A100B3AE7E /* ListeningViewController.m */; };
		324BCADE0F6669E900B3AE7E /* ImageManipulator.m in Sources */ = {isa = PBXBuildFile; fileRef = 324BCAD50F6669E900B3AE7E /* ImageManipulator.m */; };
		324BCADF0F6669E900B3AE7E /* LocationManager.m in Sources */ = {isa = PBXBuildFile; fileRef = 324BCAD70F6669E900B3AE7E /* LocationManager.m */; };
		324BCAE00F6669E900B3AE7E /* MREntitiesConverter.m in Sources */ = {isa = PBXBuildFile; fileRef = 324BCAD90F6669E900B3AE7E /* MREntitiesConverter.m */; };
		324BCB8E0F67286100B3AE7E /* Place.m in Sources */ = {isa = PBXBuildFile; fileRef = 324BCB800F67286100B3AE7E /* Place.m */; };
		324BCB8F0F67286100B3AE7E /* PlaceManager.m in Sources */ = {isa = PBXBuildFile; fileRef = 324BCB820F67286100B3AE7E /* PlaceManager.m */; };
		324BCB900F67286100B3AE7E /* ShizzowApiConnection.m in Sources */ = {isa = PBXBuildFile; fileRef = 324BCB840F67286100B3AE7E /* ShizzowApiConnection.m */; };
		324BCB910F67286100B3AE7E /* Shout.m in Sources */ = {isa = PBXBuildFile; fileRef = 324BCB870F67286100B3AE7E /* Shout.m */; };
		324BCB920F67286100B3AE7E /* ShoutListReceiver.m in Sources */ = {isa = PBXBuildFile; fileRef = 324BCB890F67286100B3AE7E /* ShoutListReceiver.m */; };
		324BCB930F67286100B3AE7E /* ShoutManager.m in Sources */ = {isa = PBXBuildFile; fileRef = 324BCB8B0F67286100B3AE7E /* ShoutManager.m */; };
		324BCB940F67286100B3AE7E /* ShoutSendReceiver.m in Sources */ = {isa = PBXBuildFile; fileRef = 324BCB8D0F67286100B3AE7E /* ShoutSendReceiver.m */; };
		324BCBA10F672F1F00B3AE7E /* ListeningView.xib in Resources */ = {isa = PBXBuildFile; fileRef = 324BCB980F672F1F00B3AE7E /* ListeningView.xib */; };
		324BCBA30F672F1F00B3AE7E /* MainWindow.xib in Resources */ = {isa = PBXBuildFile; fileRef = 324BCB9A0F672F1F00B3AE7E /* MainWindow.xib */; };
		324BCBA50F672F1F00B3AE7E /* NearbyView.xib in Resources */ = {isa = PBXBuildFile; fileRef = 324BCB9C0F672F1F00B3AE7E /* NearbyView.xib */; };
		324BCBA60F672F1F00B3AE7E /* SettingsView.xib in Resources */ = {isa = PBXBuildFile; fileRef = 324BCB9D0F672F1F00B3AE7E /* SettingsView.xib */; };
		324BCBA70F672F1F00B3AE7E /* ShoutMessage.xib in Resources */ = {isa = PBXBuildFile; fileRef = 324BCB9E0F672F1F00B3AE7E /* ShoutMessage.xib */; };
		324BCBA80F672F1F00B3AE7E /* ShoutPlace.xib in Resources */ = {isa = PBXBuildFile; fileRef = 324BCB9F0F672F1F00B3AE7E /* ShoutPlace.xib */; };
		324BCBAE0F672F7500B3AE7E /* plan.html in Resources */ = {isa = PBXBuildFile; fileRef = 324BCBAA0F672F7500B3AE7E /* plan.html */; };
		324BCBAF0F672F7500B3AE7E /* plan.rtf in Resources */ = {isa = PBXBuildFile; fileRef = 324BCBAB0F672F7500B3AE7E /* plan.rtf */; };
		324BCBB00F672F7500B3AE7E /* shizzow-api-shouts-json.html in Resources */ = {isa = PBXBuildFile; fileRef = 324BCBAC0F672F7500B3AE7E /* shizzow-api-shouts-json.html */; };
		324BCBB10F672F7500B3AE7E /* shizzow-api-shouts-json.txt in Resources */ = {isa = PBXBuildFile; fileRef = 324BCBAD0F672F7500B3AE7E /* shizzow-api-shouts-json.txt */; };
		326A0EF10F4E17C800322F4D /* Listening.png in Resources */ = {isa = PBXBuildFile; fileRef = 326A0EF00F4E17C800322F4D /* Listening.png */; };
		32750FF20F5D0955000885F6 /* Settings.bundle in Resources */ = {isa = PBXBuildFile; fileRef = 32750FF10F5D0955000885F6 /* Settings.bundle */; };
		327802310F5C5FD0007E197C /* CrashReporter.framework in Frameworks */ = {isa = PBXBuildFile; fileRef = 327802300F5C5FD0007E197C /* CrashReporter.framework */; };
		32A0B3520F3A420900EEB53C /* DefaultPersonIcon.png in Resources */ = {isa = PBXBuildFile; fileRef = 32A0B3500F3A420900EEB53C /* DefaultPersonIcon.png */; };
		32A0B3530F3A420900EEB53C /* ShizzowIcon.png in Resources */ = {isa = PBXBuildFile; fileRef = 32A0B3510F3A420900EEB53C /* ShizzowIcon.png */; };
		32F8F4DE0F65D8270065886D /* Nearby.png in Resources */ = {isa = PBXBuildFile; fileRef = 32F8F4DD0F65D8270065886D /* Nearby.png */; };
		32F8F4E30F65D8F60065886D /* Hotspots.png in Resources */ = {isa = PBXBuildFile; fileRef = 32F8F4E20F65D8F60065886D /* Hotspots.png */; };
		32F8F4E50F65D9050065886D /* Settings.png in Resources */ = {isa = PBXBuildFile; fileRef = 32F8F4E40F65D9050065886D /* Settings.png */; };
		32F8F4ED0F65E10A0065886D /* Refresh.png in Resources */ = {isa = PBXBuildFile; fileRef = 32F8F4EC0F65E10A0065886D /* Refresh.png */; };
/* End PBXBuildFile section */

/* Begin PBXContainerItemProxy section */
		321E7F310F42191B00E4B1C6 /* PBXContainerItemProxy */ = {
			isa = PBXContainerItemProxy;
			containerPortal = 321E7F2C0F42191B00E4B1C6 /* MapView.xcodeproj */;
			proxyType = 2;
			remoteGlobalIDString = B83E673E0E80F332001663B6;
			remoteInfo = SimpleMap;
		};
		321E7F330F42191B00E4B1C6 /* PBXContainerItemProxy */ = {
			isa = PBXContainerItemProxy;
			containerPortal = 321E7F2C0F42191B00E4B1C6 /* MapView.xcodeproj */;
			proxyType = 2;
			remoteGlobalIDString = B8C974590E8A19B2007D16AD;
			remoteInfo = MapView;
		};
		321E7F810F421A8600E4B1C6 /* PBXContainerItemProxy */ = {
			isa = PBXContainerItemProxy;
			containerPortal = 321E7F2C0F42191B00E4B1C6 /* MapView.xcodeproj */;
			proxyType = 1;
			remoteGlobalIDString = B8C974130E8A19B2007D16AD;
			remoteInfo = MapView;
		};
/* End PBXContainerItemProxy section */

/* Begin PBXFileReference section */
		1D30AB110D05D00D00671497 /* Foundation.framework */ = {isa = PBXFileReference; lastKnownFileType = wrapper.framework; name = Foundation.framework; path = System/Library/Frameworks/Foundation.framework; sourceTree = SDKROOT; };
		1D6058910D05DD3D006BFB54 /* Shizzup.app */ = {isa = PBXFileReference; explicitFileType = wrapper.application; includeInIndex = 0; path = Shizzup.app; sourceTree = BUILT_PRODUCTS_DIR; };
		1DF5F4DF0D08C38300B7A737 /* UIKit.framework */ = {isa = PBXFileReference; lastKnownFileType = wrapper.framework; name = UIKit.framework; path = System/Library/Frameworks/UIKit.framework; sourceTree = SDKROOT; };
		288765070DF74369002DB57D /* CoreGraphics.framework */ = {isa = PBXFileReference; lastKnownFileType = wrapper.framework; name = CoreGraphics.framework; path = System/Library/Frameworks/CoreGraphics.framework; sourceTree = SDKROOT; };
		28A0AB4B0D9B1048005BE974 /* Shizzup_Prefix.pch */ = {isa = PBXFileReference; fileEncoding = 4; lastKnownFileType = sourcecode.c.h; path = Shizzup_Prefix.pch; sourceTree = "<group>"; };
		29B97316FDCFA39411CA2CEA /* main.m */ = {isa = PBXFileReference; fileEncoding = 4; lastKnownFileType = sourcecode.c.objc; path = main.m; sourceTree = "<group>"; };
		32160C840F3FC76900C349D0 /* CoreLocation.framework */ = {isa = PBXFileReference; lastKnownFileType = wrapper.framework; name = CoreLocation.framework; path = System/Library/Frameworks/CoreLocation.framework; sourceTree = SDKROOT; };
		321E7F0E0F42098B00E4B1C6 /* Shizzup.xcclassmodel */ = {isa = PBXFileReference; lastKnownFileType = wrapper.xcclassmodel; path = Shizzup.xcclassmodel; sourceTree = "<group>"; };
		321E7F2C0F42191B00E4B1C6 /* MapView.xcodeproj */ = {isa = PBXFileReference; explicitFileType = "wrapper.pb-project"; name = MapView.xcodeproj; path = ../MapView/MapView.xcodeproj; sourceTree = SOURCE_ROOT; };
		321E7F830F421AA300E4B1C6 /* QuartzCore.framework */ = {isa = PBXFileReference; lastKnownFileType = wrapper.framework; name = QuartzCore.framework; path = System/Library/Frameworks/QuartzCore.framework; sourceTree = SDKROOT; };
		321E7F850F421AB100E4B1C6 /* libsqlite3.dylib */ = {isa = PBXFileReference; lastKnownFileType = "compiled.mach-o.dylib"; name = libsqlite3.dylib; path = usr/lib/libsqlite3.dylib; sourceTree = SDKROOT; };
		321E7FEE0F42207000E4B1C6 /* marker-blue-withletter.png */ = {isa = PBXFileReference; lastKnownFileType = image.png; path = "marker-blue-withletter.png"; sourceTree = "<group>"; };
		321E7FEF0F42207000E4B1C6 /* marker-blue.png */ = {isa = PBXFileReference; lastKnownFileType = image.png; path = "marker-blue.png"; sourceTree = "<group>"; };
		321E7FF00F42207000E4B1C6 /* marker-red-withletter.png */ = {isa = PBXFileReference; lastKnownFileType = image.png; path = "marker-red-withletter.png"; sourceTree = "<group>"; };
		321E7FF10F42207000E4B1C6 /* marker-red.png */ = {isa = PBXFileReference; lastKnownFileType = image.png; path = "marker-red.png"; sourceTree = "<group>"; };
		324BCAB60F66692900B3AE7E /* LoginController.h */ = {isa = PBXFileReference; fileEncoding = 4; lastKnownFileType = sourcecode.c.h; name = LoginController.h; path = UI/LoginController.h; sourceTree = "<group>"; };
		324BCAB70F66692900B3AE7E /* LoginController.m */ = {isa = PBXFileReference; fileEncoding = 4; lastKnownFileType = sourcecode.c.objc; name = LoginController.m; path = UI/LoginController.m; sourceTree = "<group>"; };
		324BCABA0F66692900B3AE7E /* NearbyViewController.h */ = {isa = PBXFileReference; fileEncoding = 4; lastKnownFileType = sourcecode.c.h; name = NearbyViewController.h; path = UI/NearbyViewController.h; sourceTree = "<group>"; };
		324BCABB0F66692900B3AE7E /* NearbyViewController.m */ = {isa = PBXFileReference; fileEncoding = 4; lastKnownFileType = sourcecode.c.objc; name = NearbyViewController.m; path = UI/NearbyViewController.m; sourceTree = "<group>"; };
		324BCABC0F66692900B3AE7E /* ShoutMessageController.h */ = {isa = PBXFileReference; fileEncoding = 4; lastKnownFileType = sourcecode.c.h; name = ShoutMessageController.h; path = UI/ShoutMessageController.h; sourceTree = "<group>"; };
		324BCABD0F66692900B3AE7E /* ShoutMessageController.m */ = {isa = PBXFileReference; fileEncoding = 4; lastKnownFileType = sourcecode.c.objc; name = ShoutMessageController.m; path = UI/ShoutMessageController.m; sourceTree = "<group>"; };
		324BCABE0F66692900B3AE7E /* ShoutPlaceController.h */ = {isa = PBXFileReference; fileEncoding = 4; lastKnownFileType = sourcecode.c.h; name = ShoutPlaceController.h; path = UI/ShoutPlaceController.h; sourceTree = "<group>"; };
		324BCABF0F66692900B3AE7E /* ShoutPlaceController.m */ = {isa = PBXFileReference; fileEncoding = 4; lastKnownFileType = sourcecode.c.objc; name = ShoutPlaceController.m; path = UI/ShoutPlaceController.m; sourceTree = "<group>"; };
		324BCAC50F66696200B3AE7E /* ListeningDataSource.h */ = {isa = PBXFileReference; fileEncoding = 4; lastKnownFileType = sourcecode.c.h; name = ListeningDataSource.h; path = Misc/ListeningDataSource.h; sourceTree = "<group>"; };
		324BCAC60F66696200B3AE7E /* ListeningDataSource.m */ = {isa = PBXFileReference; fileEncoding = 4; lastKnownFileType = sourcecode.c.objc; name = ListeningDataSource.m; path = Misc/ListeningDataSource.m; sourceTree = "<group>"; };
		324BCAC70F66696200B3AE7E /* NearbyDataSource.h */ = {isa = PBXFileReference; fileEncoding = 4; lastKnownFileType = sourcecode.c.h; name = NearbyDataSource.h; path = Misc/NearbyDataSource.h; sourceTree = "<group>"; };
		324BCAC80F66696200B3AE7E /* NearbyDataSource.m */ = {isa = PBXFileReference; fileEncoding = 4; lastKnownFileType = sourcecode.c.objc; name = NearbyDataSource.m; path = Misc/NearbyDataSource.m; sourceTree = "<group>"; };
		324BCAC90F66696200B3AE7E /* PlacesDataSource.h */ = {isa = PBXFileReference; fileEncoding = 4; lastKnownFileType = sourcecode.c.h; name = PlacesDataSource.h; path = Misc/PlacesDataSource.h; sourceTree = "<group>"; };
		324BCACA0F66696200B3AE7E /* PlacesDataSource.m */ = {isa = PBXFileReference; fileEncoding = 4; lastKnownFileType = sourcecode.c.objc; name = PlacesDataSource.m; path = Misc/PlacesDataSource.m; sourceTree = "<group>"; };
		324BCACB0F66696200B3AE7E /* ShizzupAppDelegate.h */ = {isa = PBXFileReference; fileEncoding = 4; lastKnownFileType = sourcecode.c.h; name = ShizzupAppDelegate.h; path = Misc/ShizzupAppDelegate.h; sourceTree = "<group>"; };
		324BCACC0F66696200B3AE7E /* ShizzupAppDelegate.m */ = {isa = PBXFileReference; fileEncoding = 4; lastKnownFileType = sourcecode.c.objc; name = ShizzupAppDelegate.m; path = Misc/ShizzupAppDelegate.m; sourceTree = "<group>"; };
		324BCAD10F6669A100B3AE7E /* ListeningViewController.h */ = {isa = PBXFileReference; fileEncoding = 4; lastKnownFileType = sourcecode.c.h; name = ListeningViewController.h; path = UI/ListeningViewController.h; sourceTree = "<group>"; };
		324BCAD20F6669A100B3AE7E /* ListeningViewController.m */ = {isa = PBXFileReference; fileEncoding = 4; lastKnownFileType = sourcecode.c.objc; name = ListeningViewController.m; path = UI/ListeningViewController.m; sourceTree = "<group>"; };
		324BCAD40F6669E900B3AE7E /* ImageManipulator.h */ = {isa = PBXFileReference; fileEncoding = 4; lastKnownFileType = sourcecode.c.h; name = ImageManipulator.h; path = Utility/ImageManipulator.h; sourceTree = "<group>"; };
		324BCAD50F6669E900B3AE7E /* ImageManipulator.m */ = {isa = PBXFileReference; fileEncoding = 4; lastKnownFileType = sourcecode.c.objc; name = ImageManipulator.m; path = Utility/ImageManipulator.m; sourceTree = "<group>"; };
		324BCAD60F6669E900B3AE7E /* LocationManager.h */ = {isa = PBXFileReference; fileEncoding = 4; lastKnownFileType = sourcecode.c.h; name = LocationManager.h; path = Utility/LocationManager.h; sourceTree = "<group>"; };
		324BCAD70F6669E900B3AE7E /* LocationManager.m */ = {isa = PBXFileReference; fileEncoding = 4; lastKnownFileType = sourcecode.c.objc; name = LocationManager.m; path = Utility/LocationManager.m; sourceTree = "<group>"; };
		324BCAD80F6669E900B3AE7E /* MREntitiesConverter.h */ = {isa = PBXFileReference; fileEncoding = 4; lastKnownFileType = sourcecode.c.h; name = MREntitiesConverter.h; path = Utility/MREntitiesConverter.h; sourceTree = "<group>"; };
		324BCAD90F6669E900B3AE7E /* MREntitiesConverter.m */ = {isa = PBXFileReference; fileEncoding = 4; lastKnownFileType = sourcecode.c.objc; name = MREntitiesConverter.m; path = Utility/MREntitiesConverter.m; sourceTree = "<group>"; };
		324BCB7F0F67286100B3AE7E /* Place.h */ = {isa = PBXFileReference; fileEncoding = 4; lastKnownFileType = sourcecode.c.h; path = Place.h; sourceTree = "<group>"; };
		324BCB800F67286100B3AE7E /* Place.m */ = {isa = PBXFileReference; fileEncoding = 4; lastKnownFileType = sourcecode.c.objc; path = Place.m; sourceTree = "<group>"; };
		324BCB810F67286100B3AE7E /* PlaceManager.h */ = {isa = PBXFileReference; fileEncoding = 4; lastKnownFileType = sourcecode.c.h; path = PlaceManager.h; sourceTree = "<group>"; };
		324BCB820F67286100B3AE7E /* PlaceManager.m */ = {isa = PBXFileReference; fileEncoding = 4; lastKnownFileType = sourcecode.c.objc; path = PlaceManager.m; sourceTree = "<group>"; };
		324BCB830F67286100B3AE7E /* ShizzowApiConnection.h */ = {isa = PBXFileReference; fileEncoding = 4; lastKnownFileType = sourcecode.c.h; path = ShizzowApiConnection.h; sourceTree = "<group>"; };
		324BCB840F67286100B3AE7E /* ShizzowApiConnection.m */ = {isa = PBXFileReference; fileEncoding = 4; lastKnownFileType = sourcecode.c.objc; path = ShizzowApiConnection.m; sourceTree = "<group>"; };
		324BCB860F67286100B3AE7E /* Shout.h */ = {isa = PBXFileReference; fileEncoding = 4; lastKnownFileType = sourcecode.c.h; path = Shout.h; sourceTree = "<group>"; };
		324BCB870F67286100B3AE7E /* Shout.m */ = {isa = PBXFileReference; fileEncoding = 4; lastKnownFileType = sourcecode.c.objc; path = Shout.m; sourceTree = "<group>"; };
		324BCB880F67286100B3AE7E /* ShoutListReceiver.h */ = {isa = PBXFileReference; fileEncoding = 4; lastKnownFileType = sourcecode.c.h; path = ShoutListReceiver.h; sourceTree = "<group>"; };
		324BCB890F67286100B3AE7E /* ShoutListReceiver.m */ = {isa = PBXFileReference; fileEncoding = 4; lastKnownFileType = sourcecode.c.objc; path = ShoutListReceiver.m; sourceTree = "<group>"; };
		324BCB8A0F67286100B3AE7E /* ShoutManager.h */ = {isa = PBXFileReference; fileEncoding = 4; lastKnownFileType = sourcecode.c.h; path = ShoutManager.h; sourceTree = "<group>"; };
		324BCB8B0F67286100B3AE7E /* ShoutManager.m */ = {isa = PBXFileReference; fileEncoding = 4; lastKnownFileType = sourcecode.c.objc; path = ShoutManager.m; sourceTree = "<group>"; };
		324BCB8C0F67286100B3AE7E /* ShoutSendReceiver.h */ = {isa = PBXFileReference; fileEncoding = 4; lastKnownFileType = sourcecode.c.h; path = ShoutSendReceiver.h; sourceTree = "<group>"; };
		324BCB8D0F67286100B3AE7E /* ShoutSendReceiver.m */ = {isa = PBXFileReference; fileEncoding = 4; lastKnownFileType = sourcecode.c.objc; path = ShoutSendReceiver.m; sourceTree = "<group>"; };
		324BCB950F67288800B3AE7E /* ShizzupConstants.h */ = {isa = PBXFileReference; fileEncoding = 4; lastKnownFileType = sourcecode.c.h; name = ShizzupConstants.h; path = Utility/ShizzupConstants.h; sourceTree = "<group>"; };
		324BCB980F672F1F00B3AE7E /* ListeningView.xib */ = {isa = PBXFileReference; lastKnownFileType = file.xib; name = ListeningView.xib; path = UIs/ListeningView.xib; sourceTree = "<group>"; };
		324BCB9A0F672F1F00B3AE7E /* MainWindow.xib */ = {isa = PBXFileReference; lastKnownFileType = file.xib; name = MainWindow.xib; path = UIs/MainWindow.xib; sourceTree = "<group>"; };
		324BCB9C0F672F1F00B3AE7E /* NearbyView.xib */ = {isa = PBXFileReference; lastKnownFileType = file.xib; name = NearbyView.xib; path = UIs/NearbyView.xib; sourceTree = "<group>"; };
		324BCB9D0F672F1F00B3AE7E /* SettingsView.xib */ = {isa = PBXFileReference; lastKnownFileType = file.xib; name = SettingsView.xib; path = UIs/SettingsView.xib; sourceTree = "<group>"; };
		324BCB9E0F672F1F00B3AE7E /* ShoutMessage.xib */ = {isa = PBXFileReference; lastKnownFileType = file.xib; name = ShoutMessage.xib; path = UIs/ShoutMessage.xib; sourceTree = "<group>"; };
		324BCB9F0F672F1F00B3AE7E /* ShoutPlace.xib */ = {isa = PBXFileReference; lastKnownFileType = file.xib; name = ShoutPlace.xib; path = UIs/ShoutPlace.xib; sourceTree = "<group>"; };
		324BCBAA0F672F7500B3AE7E /* plan.html */ = {isa = PBXFileReference; fileEncoding = 4; lastKnownFileType = text.html; path = plan.html; sourceTree = "<group>"; };
		324BCBAB0F672F7500B3AE7E /* plan.rtf */ = {isa = PBXFileReference; lastKnownFileType = text.rtf; path = plan.rtf; sourceTree = "<group>"; };
		324BCBAC0F672F7500B3AE7E /* shizzow-api-shouts-json.html */ = {isa = PBXFileReference; fileEncoding = 4; lastKnownFileType = text.html; path = "shizzow-api-shouts-json.html"; sourceTree = "<group>"; };
		324BCBAD0F672F7500B3AE7E /* shizzow-api-shouts-json.txt */ = {isa = PBXFileReference; fileEncoding = 4; lastKnownFileType = text; path = "shizzow-api-shouts-json.txt"; sourceTree = "<group>"; };
		326A0EF00F4E17C800322F4D /* Listening.png */ = {isa = PBXFileReference; lastKnownFileType = image.png; path = Listening.png; sourceTree = "<group>"; };
		32750FF10F5D0955000885F6 /* Settings.bundle */ = {isa = PBXFileReference; lastKnownFileType = "wrapper.plug-in"; path = Settings.bundle; sourceTree = "<group>"; };
		327802300F5C5FD0007E197C /* CrashReporter.framework */ = {isa = PBXFileReference; explicitFileType = wrapper.framework; name = CrashReporter.framework; path = "../plcrashreporter/CrashReporter-20090302-snap/CrashReporter-iPhone/CrashReporter.framework"; sourceTree = SOURCE_ROOT; };
		32A0B3500F3A420900EEB53C /* DefaultPersonIcon.png */ = {isa = PBXFileReference; lastKnownFileType = image.png; path = DefaultPersonIcon.png; sourceTree = "<group>"; };
		32A0B3510F3A420900EEB53C /* ShizzowIcon.png */ = {isa = PBXFileReference; lastKnownFileType = image.png; path = ShizzowIcon.png; sourceTree = "<group>"; };
		32F8F4DD0F65D8270065886D /* Nearby.png */ = {isa = PBXFileReference; lastKnownFileType = image.png; path = Nearby.png; sourceTree = "<group>"; };
		32F8F4E20F65D8F60065886D /* Hotspots.png */ = {isa = PBXFileReference; lastKnownFileType = image.png; path = Hotspots.png; sourceTree = "<group>"; };
		32F8F4E40F65D9050065886D /* Settings.png */ = {isa = PBXFileReference; lastKnownFileType = image.png; path = Settings.png; sourceTree = "<group>"; };
		32F8F4EC0F65E10A0065886D /* Refresh.png */ = {isa = PBXFileReference; lastKnownFileType = image.png; path = Refresh.png; sourceTree = "<group>"; };
		8D1107310486CEB800E47090 /* Info.plist */ = {isa = PBXFileReference; fileEncoding = 4; lastKnownFileType = text.plist.xml; path = Info.plist; sourceTree = "<group>"; };
/* End PBXFileReference section */

/* Begin PBXFrameworksBuildPhase section */
		1D60588F0D05DD3D006BFB54 /* Frameworks */ = {
			isa = PBXFrameworksBuildPhase;
			buildActionMask = 2147483647;
			files = (
				1D60589F0D05DD5A006BFB54 /* Foundation.framework in Frameworks */,
				1DF5F4E00D08C38300B7A737 /* UIKit.framework in Frameworks */,
				288765080DF74369002DB57D /* CoreGraphics.framework in Frameworks */,
				32160C850F3FC76900C349D0 /* CoreLocation.framework in Frameworks */,
				321E7F7B0F421A4800E4B1C6 /* libMapView.a in Frameworks */,
				321E7F840F421AA300E4B1C6 /* QuartzCore.framework in Frameworks */,
				321E7F860F421AB100E4B1C6 /* libsqlite3.dylib in Frameworks */,
				327802310F5C5FD0007E197C /* CrashReporter.framework in Frameworks */,
			);
			runOnlyForDeploymentPostprocessing = 0;
		};
/* End PBXFrameworksBuildPhase section */

/* Begin PBXGroup section */
		080E96DDFE201D6D7F000001 /* Classes */ = {
			isa = PBXGroup;
			children = (
				324BCB7E0F67286100B3AE7E /* Model */,
				324BC98D0F66485900B3AE7E /* Misc */,
				324BC98C0F66483500B3AE7E /* UI */,
				327DF1C80F65F3E9002B7AB1 /* Utility */,
			);
			path = Classes;
			sourceTree = "<group>";
		};
		19C28FACFE9D520D11CA2CBB /* Products */ = {
			isa = PBXGroup;
			children = (
				1D6058910D05DD3D006BFB54 /* Shizzup.app */,
			);
			name = Products;
			sourceTree = "<group>";
		};
		29B97314FDCFA39411CA2CEA /* Shizzup */ = {
			isa = PBXGroup;
			children = (
				324BCBA90F672F7500B3AE7E /* docs */,
				080E96DDFE201D6D7F000001 /* Classes */,
				29B97315FDCFA39411CA2CEA /* Other Sources */,
				29B97317FDCFA39411CA2CEA /* Resources */,
				29B97323FDCFA39411CA2CEA /* Frameworks */,
				19C28FACFE9D520D11CA2CBB /* Products */,
			);
			name = Shizzup;
			sourceTree = "<group>";
		};
		29B97315FDCFA39411CA2CEA /* Other Sources */ = {
			isa = PBXGroup;
			children = (
				28A0AB4B0D9B1048005BE974 /* Shizzup_Prefix.pch */,
				29B97316FDCFA39411CA2CEA /* main.m */,
				321E7F0E0F42098B00E4B1C6 /* Shizzup.xcclassmodel */,
			);
			name = "Other Sources";
			sourceTree = "<group>";
		};
		29B97317FDCFA39411CA2CEA /* Resources */ = {
			isa = PBXGroup;
			children = (
				324BCB960F672EFF00B3AE7E /* UIs */,
				32A0B34F0F3A420900EEB53C /* Images */,
				8D1107310486CEB800E47090 /* Info.plist */,
				32750FF10F5D0955000885F6 /* Settings.bundle */,
			);
			name = Resources;
			sourceTree = "<group>";
		};
		29B97323FDCFA39411CA2CEA /* Frameworks */ = {
			isa = PBXGroup;
			children = (
				321E7F2C0F42191B00E4B1C6 /* MapView.xcodeproj */,
				327802300F5C5FD0007E197C /* CrashReporter.framework */,
				288765070DF74369002DB57D /* CoreGraphics.framework */,
				32160C840F3FC76900C349D0 /* CoreLocation.framework */,
				1D30AB110D05D00D00671497 /* Foundation.framework */,
				321E7F830F421AA300E4B1C6 /* QuartzCore.framework */,
				1DF5F4DF0D08C38300B7A737 /* UIKit.framework */,
				321E7F850F421AB100E4B1C6 /* libsqlite3.dylib */,
			);
			name = Frameworks;
			sourceTree = "<group>";
		};
		321E7F2D0F42191B00E4B1C6 /* Products */ = {
			isa = PBXGroup;
			children = (
				321E7F320F42191B00E4B1C6 /* MapView.app */,
				321E7F340F42191B00E4B1C6 /* libMapView.a */,
			);
			name = Products;
			sourceTree = "<group>";
		};
		324BC98C0F66483500B3AE7E /* UI */ = {
			isa = PBXGroup;
			children = (
				324BCAB60F66692900B3AE7E /* LoginController.h */,
				324BCAB70F66692900B3AE7E /* LoginController.m */,
				324BCAD10F6669A100B3AE7E /* ListeningViewController.h */,
				324BCAD20F6669A100B3AE7E /* ListeningViewController.m */,
				324BCABA0F66692900B3AE7E /* NearbyViewController.h */,
				324BCABB0F66692900B3AE7E /* NearbyViewController.m */,
				324BCABE0F66692900B3AE7E /* ShoutPlaceController.h */,
				324BCABF0F66692900B3AE7E /* ShoutPlaceController.m */,
				324BCABC0F66692900B3AE7E /* ShoutMessageController.h */,
				324BCABD0F66692900B3AE7E /* ShoutMessageController.m */,
			);
			name = UI;
			sourceTree = "<group>";
		};
		324BC98D0F66485900B3AE7E /* Misc */ = {
			isa = PBXGroup;
			children = (
				324BCACB0F66696200B3AE7E /* ShizzupAppDelegate.h */,
				324BCACC0F66696200B3AE7E /* ShizzupAppDelegate.m */,
				324BCAC50F66696200B3AE7E /* ListeningDataSource.h */,
				324BCAC60F66696200B3AE7E /* ListeningDataSource.m */,
				324BCAC70F66696200B3AE7E /* NearbyDataSource.h */,
				324BCAC80F66696200B3AE7E /* NearbyDataSource.m */,
				324BCAC90F66696200B3AE7E /* PlacesDataSource.h */,
				324BCACA0F66696200B3AE7E /* PlacesDataSource.m */,
			);
			name = Misc;
			sourceTree = "<group>";
		};
		324BCB7E0F67286100B3AE7E /* Model */ = {
			isa = PBXGroup;
			children = (
				324BCB830F67286100B3AE7E /* ShizzowApiConnection.h */,
				324BCB840F67286100B3AE7E /* ShizzowApiConnection.m */,
				324BCB7F0F67286100B3AE7E /* Place.h */,
				324BCB800F67286100B3AE7E /* Place.m */,
				324BCB810F67286100B3AE7E /* PlaceManager.h */,
				324BCB820F67286100B3AE7E /* PlaceManager.m */,
				324BCB860F67286100B3AE7E /* Shout.h */,
				324BCB870F67286100B3AE7E /* Shout.m */,
				324BCB8A0F67286100B3AE7E /* ShoutManager.h */,
				324BCB8B0F67286100B3AE7E /* ShoutManager.m */,
				324BCB880F67286100B3AE7E /* ShoutListReceiver.h */,
				324BCB890F67286100B3AE7E /* ShoutListReceiver.m */,
				324BCB8C0F67286100B3AE7E /* ShoutSendReceiver.h */,
				324BCB8D0F67286100B3AE7E /* ShoutSendReceiver.m */,
			);
			path = Model;
			sourceTree = "<group>";
		};
		324BCB960F672EFF00B3AE7E /* UIs */ = {
			isa = PBXGroup;
			children = (
				324BCB9A0F672F1F00B3AE7E /* MainWindow.xib */,
				324BCB980F672F1F00B3AE7E /* ListeningView.xib */,
				324BCB9C0F672F1F00B3AE7E /* NearbyView.xib */,
				324BCB9D0F672F1F00B3AE7E /* SettingsView.xib */,
				324BCB9F0F672F1F00B3AE7E /* ShoutPlace.xib */,
				324BCB9E0F672F1F00B3AE7E /* ShoutMessage.xib */,
			);
			name = UIs;
			sourceTree = "<group>";
		};
		324BCBA90F672F7500B3AE7E /* docs */ = {
			isa = PBXGroup;
			children = (
				324BCBAA0F672F7500B3AE7E /* plan.html */,
				324BCBAB0F672F7500B3AE7E /* plan.rtf */,
				324BCBAC0F672F7500B3AE7E /* shizzow-api-shouts-json.html */,
				324BCBAD0F672F7500B3AE7E /* shizzow-api-shouts-json.txt */,
			);
			path = docs;
			sourceTree = "<group>";
		};
		327DF1C80F65F3E9002B7AB1 /* Utility */ = {
			isa = PBXGroup;
			children = (
				324BCB950F67288800B3AE7E /* ShizzupConstants.h */,
				324BCAD60F6669E900B3AE7E /* LocationManager.h */,
				324BCAD70F6669E900B3AE7E /* LocationManager.m */,
				324BCAD40F6669E900B3AE7E /* ImageManipulator.h */,
				324BCAD50F6669E900B3AE7E /* ImageManipulator.m */,
				324BCAD80F6669E900B3AE7E /* MREntitiesConverter.h */,
				324BCAD90F6669E900B3AE7E /* MREntitiesConverter.m */,
			);
			name = Utility;
			sourceTree = "<group>";
		};
		32A0B34F0F3A420900EEB53C /* Images */ = {
			isa = PBXGroup;
			children = (
				32A0B3510F3A420900EEB53C /* ShizzowIcon.png */,
				326A0EF00F4E17C800322F4D /* Listening.png */,
				32F8F4EC0F65E10A0065886D /* Refresh.png */,
				32A0B3500F3A420900EEB53C /* DefaultPersonIcon.png */,
				32F8F4DD0F65D8270065886D /* Nearby.png */,
				32F8F4E20F65D8F60065886D /* Hotspots.png */,
				32F8F4E40F65D9050065886D /* Settings.png */,
				321E7FEE0F42207000E4B1C6 /* marker-blue-withletter.png */,
				321E7FEF0F42207000E4B1C6 /* marker-blue.png */,
				321E7FF00F42207000E4B1C6 /* marker-red-withletter.png */,
				321E7FF10F42207000E4B1C6 /* marker-red.png */,
			);
			path = Images;
			sourceTree = "<group>";
		};
/* End PBXGroup section */

/* Begin PBXNativeTarget section */
		1D6058900D05DD3D006BFB54 /* Shizzup */ = {
			isa = PBXNativeTarget;
			buildConfigurationList = 1D6058960D05DD3E006BFB54 /* Build configuration list for PBXNativeTarget "Shizzup" */;
			buildPhases = (
				1D60588D0D05DD3D006BFB54 /* Resources */,
				1D60588E0D05DD3D006BFB54 /* Sources */,
				1D60588F0D05DD3D006BFB54 /* Frameworks */,
				326A0E110F4C971900322F4D /* ShellScript */,
			);
			buildRules = (
			);
			comments = "Hello, Shizzow!";
			dependencies = (
				321E7F820F421A8600E4B1C6 /* PBXTargetDependency */,
			);
			name = Shizzup;
			productName = Shizzup;
			productReference = 1D6058910D05DD3D006BFB54 /* Shizzup.app */;
			productType = "com.apple.product-type.application";
		};
/* End PBXNativeTarget section */

/* Begin PBXProject section */
		29B97313FDCFA39411CA2CEA /* Project object */ = {
			isa = PBXProject;
			buildConfigurationList = C01FCF4E08A954540054247B /* Build configuration list for PBXProject "Shizzup" */;
			compatibilityVersion = "Xcode 3.1";
			hasScannedForEncodings = 1;
			mainGroup = 29B97314FDCFA39411CA2CEA /* Shizzup */;
			projectDirPath = "";
			projectReferences = (
				{
					ProductGroup = 321E7F2D0F42191B00E4B1C6 /* Products */;
					ProjectRef = 321E7F2C0F42191B00E4B1C6 /* MapView.xcodeproj */;
				},
			);
			projectRoot = "";
			targets = (
				1D6058900D05DD3D006BFB54 /* Shizzup */,
			);
		};
/* End PBXProject section */

/* Begin PBXReferenceProxy section */
		321E7F320F42191B00E4B1C6 /* MapView.app */ = {
			isa = PBXReferenceProxy;
			fileType = wrapper.application;
			path = MapView.app;
			remoteRef = 321E7F310F42191B00E4B1C6 /* PBXContainerItemProxy */;
			sourceTree = BUILT_PRODUCTS_DIR;
		};
		321E7F340F42191B00E4B1C6 /* libMapView.a */ = {
			isa = PBXReferenceProxy;
			fileType = archive.ar;
			path = libMapView.a;
			remoteRef = 321E7F330F42191B00E4B1C6 /* PBXContainerItemProxy */;
			sourceTree = BUILT_PRODUCTS_DIR;
		};
/* End PBXReferenceProxy section */

/* Begin PBXResourcesBuildPhase section */
		1D60588D0D05DD3D006BFB54 /* Resources */ = {
			isa = PBXResourcesBuildPhase;
			buildActionMask = 2147483647;
			files = (
				32A0B3520F3A420900EEB53C /* DefaultPersonIcon.png in Resources */,
				32A0B3530F3A420900EEB53C /* ShizzowIcon.png in Resources */,
				321E7FF20F42207000E4B1C6 /* marker-blue-withletter.png in Resources */,
				321E7FF30F42207000E4B1C6 /* marker-blue.png in Resources */,
				321E7FF40F42207000E4B1C6 /* marker-red-withletter.png in Resources */,
				321E7FF50F42207000E4B1C6 /* marker-red.png in Resources */,
				321E807C0F42512600E4B1C6 /* Shizzup.xcclassmodel in Resources */,
				326A0EF10F4E17C800322F4D /* Listening.png in Resources */,
				32750FF20F5D0955000885F6 /* Settings.bundle in Resources */,
				32F8F4DE0F65D8270065886D /* Nearby.png in Resources */,
				32F8F4E30F65D8F60065886D /* Hotspots.png in Resources */,
				32F8F4E50F65D9050065886D /* Settings.png in Resources */,
				32F8F4ED0F65E10A0065886D /* Refresh.png in Resources */,
				324BCBA10F672F1F00B3AE7E /* ListeningView.xib in Resources */,
				324BCBA30F672F1F00B3AE7E /* MainWindow.xib in Resources */,
				324BCBA50F672F1F00B3AE7E /* NearbyView.xib in Resources */,
				324BCBA60F672F1F00B3AE7E /* SettingsView.xib in Resources */,
				324BCBA70F672F1F00B3AE7E /* ShoutMessage.xib in Resources */,
				324BCBA80F672F1F00B3AE7E /* ShoutPlace.xib in Resources */,
				324BCBAE0F672F7500B3AE7E /* plan.html in Resources */,
				324BCBAF0F672F7500B3AE7E /* plan.rtf in Resources */,
				324BCBB00F672F7500B3AE7E /* shizzow-api-shouts-json.html in Resources */,
				324BCBB10F672F7500B3AE7E /* shizzow-api-shouts-json.txt in Resources */,
			);
			runOnlyForDeploymentPostprocessing = 0;
		};
/* End PBXResourcesBuildPhase section */

/* Begin PBXShellScriptBuildPhase section */
		326A0E110F4C971900322F4D /* ShellScript */ = {
			isa = PBXShellScriptBuildPhase;
			buildActionMask = 2147483647;
			comments = "Originally sourced from: http://github.com/elliottcable/xcode-git-versioner\n\nCurrent repository: http://github.com/wajiii/xcode-git-versioner\n\nFoundation.framework loading added per: http://rubycocoa.sourceforge.net/RequireFramework\n";
			files = (
			);
			inputPaths = (
			);
			outputPaths = (
			);
			runOnlyForDeploymentPostprocessing = 0;
			shellPath = "/usr/bin/env ruby";
			shellScript = "# per: http://rubycocoa.sourceforge.net/RequireFramework\nrequire 'osx/cocoa'\ninclude OSX\nOSX.require_framework 'Foundation'\n\nRunOnlyOnRelease = false\n\nraise \"Must be run from Xcode\" unless ENV['XCODE_VERSION_ACTUAL']\nraise \"Not a Release build\" if ENV[\"BUILD_STYLE\"] != \"Release\" and RunOnlyOnRelease\n\nplist = File.join ENV['BUILT_PRODUCTS_DIR'], ENV['INFOPLIST_PATH']\nraise \"Info.plist missing, or path error\" unless File.file? plist\n\ngit = `sh /etc/profile; which git`.chomp\ntag, age, sha = `#{git} describe --tags --always --long`.chomp.match(/(?:(.*)-(\\d+)-)?([0-9a-g]+)/i)[1..3]\nbranch = `#{git} name-rev HEAD --name-only --always`.chomp\n\n# \"v1.0\", \"v1.0b2 [g3f22c9f]\", \"[g3f22c9f]\"\nversion = tag ? (age.to_i.zero? ? \"#{tag}\" : \"#{tag}b#{age} [#{sha}]\") : \"[#{sha}]\"\nversion += \" (on #{branch})\" if branch and branch != 'master'\n\nlist = NSMutableDictionary.dictionaryWithContentsOfFile plist\nlist['CFBundleVersion'] = version\nlist.objc_send(:writeToFile, plist, :atomically, true)\n\nputs \"CFBundleVersion set to '#{version}'!\"\n";
		};
/* End PBXShellScriptBuildPhase section */

/* Begin PBXSourcesBuildPhase section */
		1D60588E0D05DD3D006BFB54 /* Sources */ = {
			isa = PBXSourcesBuildPhase;
			buildActionMask = 2147483647;
			files = (
				1D60589B0D05DD56006BFB54 /* main.m in Sources */,
				324BCAC00F66692900B3AE7E /* LoginController.m in Sources */,
				324BCAC20F66692900B3AE7E /* NearbyViewController.m in Sources */,
				324BCAC30F66692900B3AE7E /* ShoutMessageController.m in Sources */,
				324BCAC40F66692900B3AE7E /* ShoutPlaceController.m in Sources */,
				324BCACD0F66696200B3AE7E /* ListeningDataSource.m in Sources */,
				324BCACE0F66696200B3AE7E /* NearbyDataSource.m in Sources */,
				324BCACF0F66696200B3AE7E /* PlacesDataSource.m in Sources */,
				324BCAD00F66696200B3AE7E /* ShizzupAppDelegate.m in Sources */,
				324BCAD30F6669A100B3AE7E /* ListeningViewController.m in Sources */,
				324BCADE0F6669E900B3AE7E /* ImageManipulator.m in Sources */,
				324BCADF0F6669E900B3AE7E /* LocationManager.m in Sources */,
				324BCAE00F6669E900B3AE7E /* MREntitiesConverter.m in Sources */,
				324BCB8E0F67286100B3AE7E /* Place.m in Sources */,
				324BCB8F0F67286100B3AE7E /* PlaceManager.m in Sources */,
				324BCB900F67286100B3AE7E /* ShizzowApiConnection.m in Sources */,
				324BCB910F67286100B3AE7E /* Shout.m in Sources */,
				324BCB920F67286100B3AE7E /* ShoutListReceiver.m in Sources */,
				324BCB930F67286100B3AE7E /* ShoutManager.m in Sources */,
				324BCB940F67286100B3AE7E /* ShoutSendReceiver.m in Sources */,
			);
			runOnlyForDeploymentPostprocessing = 0;
		};
/* End PBXSourcesBuildPhase section */

/* Begin PBXTargetDependency section */
		321E7F820F421A8600E4B1C6 /* PBXTargetDependency */ = {
			isa = PBXTargetDependency;
			name = MapView;
			targetProxy = 321E7F810F421A8600E4B1C6 /* PBXContainerItemProxy */;
		};
/* End PBXTargetDependency section */

/* Begin XCBuildConfiguration section */
		1D6058940D05DD3E006BFB54 /* Debug */ = {
			isa = XCBuildConfiguration;
			buildSettings = {
				COPY_PHASE_STRIP = NO;
				FRAMEWORK_SEARCH_PATHS = (
					"$(inherited)",
					"\"$(SRCROOT)/../plcrashreporter/CrashReporter-20090302-snap/CrashReporter-iPhone\"",
				);
				GCC_DYNAMIC_NO_PIC = NO;
				GCC_OPTIMIZATION_LEVEL = 0;
				GCC_PRECOMPILE_PREFIX_HEADER = YES;
				GCC_PREFIX_HEADER = Shizzup_Prefix.pch;
				OTHER_LDFLAGS = (
					"-ObjC",
					"-ljson",
				);
				"PROVISIONING_PROFILE[sdk=iphoneos*]" = "211C6F53-C491-4A9F-B4EB-9B172E66D7F1";
				SDKROOT = iphonesimulator2.2.1;
			};
			name = Debug;
		};
		1D6058950D05DD3E006BFB54 /* Release */ = {
			isa = XCBuildConfiguration;
			buildSettings = {
				ADDITIONAL_SDKS = $HOME/Library/SDKs/JSON/iphoneos.sdk;
				"CODE_SIGN_IDENTITY[sdk=iphoneos*]" = "iPhone Developer: Bill Jackson";
				CODE_SIGN_RESOURCE_RULES_PATH = "$(SDKROOT)/ResourceRules.plist";
				COPY_PHASE_STRIP = YES;
				FRAMEWORK_SEARCH_PATHS = (
					"$(inherited)",
					"\"$(SRCROOT)/../plcrashreporter/CrashReporter-20090302-snap/CrashReporter-iPhone\"",
				);
				GCC_PRECOMPILE_PREFIX_HEADER = YES;
				GCC_PREFIX_HEADER = Shizzup_Prefix.pch;
				OTHER_LDFLAGS = (
					"-ObjC",
					"-ljson",
				);
				"PROVISIONING_PROFILE[sdk=iphoneos*]" = "211C6F53-C491-4A9F-B4EB-9B172E66D7F1";
				SDKROOT = iphoneos2.2;
			};
			name = Release;
		};
		326C42A80F55E8EC001C6CD8 /* Debug-Phone */ = {
			isa = XCBuildConfiguration;
			buildSettings = {
				ADDITIONAL_SDKS = $HOME/Library/SDKs/JSON/iphoneos.sdk;
				ARCHS = "$(ARCHS_STANDARD_32_BIT)";
				"CODE_SIGN_IDENTITY[sdk=iphoneos*]" = "iPhone Developer: Bill Jackson";
				CODE_SIGN_RESOURCE_RULES_PATH = "$(SDKROOT)/ResourceRules.plist";
				GCC_C_LANGUAGE_STANDARD = c99;
				GCC_GENERATE_TEST_COVERAGE_FILES = NO;
				GCC_WARN_ABOUT_RETURN_TYPE = YES;
				GCC_WARN_UNUSED_VARIABLE = YES;
				HEADER_SEARCH_PATHS = "../MapView/**";
				INFOPLIST_FILE = Info.plist;
				PRODUCT_NAME = Shizzup;
				"PROVISIONING_PROFILE[sdk=iphoneos*]" = "211C6F53-C491-4A9F-B4EB-9B172E66D7F1";
				SDKROOT = iphoneos2.2.1;
				VERSIONING_SYSTEM = "apple-generic";
				VERSION_INFO_BUILDER = waj;
			};
			name = "Debug-Phone";
		};
		326C42A90F55E8EC001C6CD8 /* Debug-Phone */ = {
			isa = XCBuildConfiguration;
			buildSettings = {
				"CODE_SIGN_IDENTITY[sdk=iphoneos*]" = "iPhone Developer: Bill Jackson";
				CODE_SIGN_RESOURCE_RULES_PATH = "$(SDKROOT)/ResourceRules.plist";
				COPY_PHASE_STRIP = NO;
				FRAMEWORK_SEARCH_PATHS = (
					"$(inherited)",
					"\"$(SRCROOT)/../plcrashreporter/CrashReporter-20090302-snap/CrashReporter-iPhone\"",
				);
				GCC_DYNAMIC_NO_PIC = NO;
				GCC_OPTIMIZATION_LEVEL = 0;
				GCC_PRECOMPILE_PREFIX_HEADER = YES;
				GCC_PREFIX_HEADER = Shizzup_Prefix.pch;
				OTHER_LDFLAGS = (
					"-ObjC",
					"-ljson",
				);
				"PROVISIONING_PROFILE[sdk=iphoneos*]" = "211C6F53-C491-4A9F-B4EB-9B172E66D7F1";
				SDKROOT = iphoneos2.2;
			};
			name = "Debug-Phone";
		};
		C01FCF4F08A954540054247B /* Debug */ = {
			isa = XCBuildConfiguration;
			buildSettings = {
				ADDITIONAL_SDKS = $HOME/Library/SDKs/JSON/iphonesimulator.sdk;
				ARCHS = "$(ARCHS_STANDARD_32_BIT)";
				"CODE_SIGN_IDENTITY[sdk=iphoneos*]" = "iPhone Developer: Bill Jackson";
				CODE_SIGN_RESOURCE_RULES_PATH = "$(SDKROOT)/ResourceRules.plist";
				COPY_PHASE_STRIP = NO;
				GCC_C_LANGUAGE_STANDARD = c99;
				GCC_WARN_64_TO_32_BIT_CONVERSION = NO;
				GCC_WARN_ABOUT_MISSING_NEWLINE = NO;
				GCC_WARN_ABOUT_RETURN_TYPE = YES;
				GCC_WARN_CHECK_SWITCH_STATEMENTS = YES;
				GCC_WARN_EFFECTIVE_CPLUSPLUS_VIOLATIONS = YES;
				GCC_WARN_FOUR_CHARACTER_CONSTANTS = YES;
				GCC_WARN_HIDDEN_VIRTUAL_FUNCTIONS = YES;
				GCC_WARN_INITIALIZER_NOT_FULLY_BRACKETED = YES;
				GCC_WARN_MISSING_PARENTHESES = YES;
				GCC_WARN_NON_VIRTUAL_DESTRUCTOR = YES;
				GCC_WARN_SHADOW = YES;
				GCC_WARN_TYPECHECK_CALLS_TO_PRINTF = YES;
				GCC_WARN_UNKNOWN_PRAGMAS = YES;
				GCC_WARN_UNUSED_FUNCTION = YES;
				GCC_WARN_UNUSED_LABEL = YES;
				GCC_WARN_UNUSED_PARAMETER = NO;
				GCC_WARN_UNUSED_VALUE = NO;
				GCC_WARN_UNUSED_VARIABLE = YES;
				GENERATE_PROFILING_CODE = NO;
				HEADER_SEARCH_PATHS = "../MapView/**";
				IBC_FLATTEN_NIBS = YES;
				INFOPLIST_FILE = Info.plist;
				ONLY_ACTIVE_ARCH = YES;
				PRODUCT_NAME = Shizzup;
				"PROVISIONING_PROFILE[sdk=iphoneos*]" = "211C6F53-C491-4A9F-B4EB-9B172E66D7F1";
				SDKROOT = iphonesimulator2.2.1;
				STRIP_INSTALLED_PRODUCT = NO;
				VERSIONING_SYSTEM = "apple-generic";
				VERSION_INFO_BUILDER = waj;
			};
			name = Debug;
		};
		C01FCF5008A954540054247B /* Release */ = {
			isa = XCBuildConfiguration;
			buildSettings = {
				ADDITIONAL_SDKS = $HOME/Library/SDKs/JSON/iphoneos.sdk;
				ARCHS = "$(ARCHS_STANDARD_32_BIT)";
				"CODE_SIGN_IDENTITY[sdk=iphoneos*]" = "iPhone Developer: Bill Jackson";
				CODE_SIGN_RESOURCE_RULES_PATH = "$(SDKROOT)/ResourceRules.plist";
				GCC_C_LANGUAGE_STANDARD = c99;
				GCC_GENERATE_TEST_COVERAGE_FILES = NO;
				GCC_WARN_ABOUT_RETURN_TYPE = YES;
				GCC_WARN_UNUSED_VARIABLE = YES;
				HEADER_SEARCH_PATHS = "../MapView/**";
				INFOPLIST_FILE = Info.plist;
				PRODUCT_NAME = Shizzup;
				"PROVISIONING_PROFILE[sdk=iphoneos*]" = "211C6F53-C491-4A9F-B4EB-9B172E66D7F1";
				SDKROOT = iphoneos2.2.1;
				VERSIONING_SYSTEM = "apple-generic";
				VERSION_INFO_BUILDER = waj;
				VERSION_INFO_EXPORT_DECL = versionvar;
				VERSION_INFO_FILE = versionsource;
				VERSION_INFO_PREFIX = verpre;
				VERSION_INFO_SUFFIX = verpost;
			};
			name = Release;
		};
/* End XCBuildConfiguration section */

/* Begin XCConfigurationList section */
		1D6058960D05DD3E006BFB54 /* Build configuration list for PBXNativeTarget "Shizzup" */ = {
			isa = XCConfigurationList;
			buildConfigurations = (
				1D6058940D05DD3E006BFB54 /* Debug */,
				326C42A90F55E8EC001C6CD8 /* Debug-Phone */,
				1D6058950D05DD3E006BFB54 /* Release */,
			);
			defaultConfigurationIsVisible = 0;
			defaultConfigurationName = Release;
		};
		C01FCF4E08A954540054247B /* Build configuration list for PBXProject "Shizzup" */ = {
			isa = XCConfigurationList;
			buildConfigurations = (
				C01FCF4F08A954540054247B /* Debug */,
				326C42A80F55E8EC001C6CD8 /* Debug-Phone */,
				C01FCF5008A954540054247B /* Release */,
			);
			defaultConfigurationIsVisible = 0;
			defaultConfigurationName = Release;
		};
/* End XCConfigurationList section */
	};
	rootObject = 29B97313FDCFA39411CA2CEA /* Project object */;
}
